
Microsoft Visual Studio Solution File, Format Version 12.00
# Visual Studio 2013
VisualStudioVersion = 12.0.30501.0
MinimumVisualStudioVersion = 10.0.40219.1
Project("{FAE04EC0-301F-11D3-BF4B-00C04F79EFBC}") = "ConsoleApplication1", "ConsoleApplication1\ConsoleApplication1.csproj", "{99DEE5AE-03C1-4EB6-BC9E-8F006B7850C8}"
EndProject
Project("{FAE04EC0-301F-11D3-BF4B-00C04F79EFBC}") = "ConsoleApplication2", "ConsoleApplication2\ConsoleApplication2.csproj", "{9F223DAF-8EFA-4950-B9D4-CCB10ED32319}"
EndProject
Global
	GlobalSection(SolutionConfigurationPlatforms) = preSolution
		Debug|Any CPU = Debug|Any CPU
		Release|Any CPU = Release|Any CPU
	EndGlobalSection
	GlobalSection(ProjectConfigurationPlatforms) = postSolution
		{99DEE5AE-03C1-4EB6-BC9E-8F006B7850C8}.Debug|Any CPU.ActiveCfg = Debug|Any CPU
		{99DEE5AE-03C1-4EB6-BC9E-8F006B7850C8}.Debug|Any CPU.Build.0 = Debug|Any CPU
		{99DEE5AE-03C1-4EB6-BC9E-8F006B7850C8}.Release|Any CPU.ActiveCfg = Release|Any CPU
		{99DEE5AE-03C1-4EB6-BC9E-8F006B7850C8}.Release|Any CPU.Build.0 = Release|Any CPU
		{9F223DAF-8EFA-4950-B9D4-CCB10ED32319}.Debug|Any CPU.ActiveCfg = Debug|Any CPU
		{9F223DAF-8EFA-4950-B9D4-CCB10ED32319}.Debug|Any CPU.Build.0 = Debug|Any CPU
		{9F223DAF-8EFA-4950-B9D4-CCB10ED32319}.Release|Any CPU.ActiveCfg = Release|Any CPU
		{9F223DAF-8EFA-4950-B9D4-CCB10ED32319}.Release|Any CPU.Build.0 = Release|Any CPU
	EndGlobalSection
	GlobalSection(SolutionProperties) = preSolution
		HideSolutionNode = FALSE
	EndGlobalSection
EndGlobal
